
Microsoft Visual Studio Solution File, Format Version 12.00
# Visual Studio Version 16
VisualStudioVersion = 16.0.30011.22
MinimumVisualStudioVersion = 10.0.40219.1
Project("{FAE04EC0-301F-11D3-BF4B-00C04F79EFBC}") = "Diary Entry", "Diary Entry.csproj", "{FE1FC298-45ED-41CE-AA6E-D6D3CA8875B8}"
EndProject
Global
	GlobalSection(SolutionConfigurationPlatforms) = preSolution
		Debug|Any CPU = Debug|Any CPU
		Release|Any CPU = Release|Any CPU
	EndGlobalSection
	GlobalSection(ProjectConfigurationPlatforms) = postSolution
		{FE1FC298-45ED-41CE-AA6E-D6D3CA8875B8}.Debug|Any CPU.ActiveCfg = Debug|Any CPU
		{FE1FC298-45ED-41CE-AA6E-D6D3CA8875B8}.Debug|Any CPU.Build.0 = Debug|Any CPU
		{FE1FC298-45ED-41CE-AA6E-D6D3CA8875B8}.Release|Any CPU.ActiveCfg = Release|Any CPU
		{FE1FC298-45ED-41CE-AA6E-D6D3CA8875B8}.Release|Any CPU.Build.0 = Release|Any CPU
	EndGlobalSection
	GlobalSection(SolutionProperties) = preSolution
		HideSolutionNode = FALSE
	EndGlobalSection
	GlobalSection(ExtensibilityGlobals) = postSolution
		SolutionGuid = {5FB2CD74-B443-489F-B06D-32D60B93BA08}
	EndGlobalSection
EndGlobal
